
Microsoft Visual Studio Solution File, Format Version 12.00
# Visual Studio Version 16
VisualStudioVersion = 16.0.30204.135
MinimumVisualStudioVersion = 15.0.26124.0
Project("{9A19103F-16F7-4668-BE54-9A1E7A4F7556}") = "Shop.Identity", "Shop.Identity\Shop.Identity.csproj", "{0EABF498-1685-4AE6-816A-AF393DA7888C}"
EndProject
Project("{9A19103F-16F7-4668-BE54-9A1E7A4F7556}") = "Shop.Api.Products", "Shop.Api.Products\Shop.Api.Products.csproj", "{DB670CF9-ED30-4D07-BA66-68EA371038E6}"
EndProject
Project("{9A19103F-16F7-4668-BE54-9A1E7A4F7556}") = "Shop.Jobs.PaymentConciliation", "Shop.Jobs.PaymentConciliation\Shop.Jobs.PaymentConciliation.csproj", "{D8904182-5D31-4BDF-BE2A-9D136CCF5CF0}"
EndProject
Project("{9A19103F-16F7-4668-BE54-9A1E7A4F7556}") = "Shop.Ui.WebSite", "Shop.Ui.WebSite\Shop.Ui.WebSite.csproj", "{4D543D3F-1AF2-49C5-A000-F6BAD08EF83A}"
EndProject
Global
	GlobalSection(SolutionConfigurationPlatforms) = preSolution
		Debug|Any CPU = Debug|Any CPU
		Debug|x64 = Debug|x64
		Debug|x86 = Debug|x86
		Release|Any CPU = Release|Any CPU
		Release|x64 = Release|x64
		Release|x86 = Release|x86
	EndGlobalSection
	GlobalSection(ProjectConfigurationPlatforms) = postSolution
		{0EABF498-1685-4AE6-816A-AF393DA7888C}.Debug|Any CPU.ActiveCfg = Debug|Any CPU
		{0EABF498-1685-4AE6-816A-AF393DA7888C}.Debug|Any CPU.Build.0 = Debug|Any CPU
		{0EABF498-1685-4AE6-816A-AF393DA7888C}.Debug|x64.ActiveCfg = Debug|Any CPU
		{0EABF498-1685-4AE6-816A-AF393DA7888C}.Debug|x64.Build.0 = Debug|Any CPU
		{0EABF498-1685-4AE6-816A-AF393DA7888C}.Debug|x86.ActiveCfg = Debug|Any CPU
		{0EABF498-1685-4AE6-816A-AF393DA7888C}.Debug|x86.Build.0 = Debug|Any CPU
		{0EABF498-1685-4AE6-816A-AF393DA7888C}.Release|Any CPU.ActiveCfg = Release|Any CPU
		{0EABF498-1685-4AE6-816A-AF393DA7888C}.Release|Any CPU.Build.0 = Release|Any CPU
		{0EABF498-1685-4AE6-816A-AF393DA7888C}.Release|x64.ActiveCfg = Release|Any CPU
		{0EABF498-1685-4AE6-816A-AF393DA7888C}.Release|x64.Build.0 = Release|Any CPU
		{0EABF498-1685-4AE6-816A-AF393DA7888C}.Release|x86.ActiveCfg = Release|Any CPU
		{0EABF498-1685-4AE6-816A-AF393DA7888C}.Release|x86.Build.0 = Release|Any CPU
		{DB670CF9-ED30-4D07-BA66-68EA371038E6}.Debug|Any CPU.ActiveCfg = Debug|Any CPU
		{DB670CF9-ED30-4D07-BA66-68EA371038E6}.Debug|Any CPU.Build.0 = Debug|Any CPU
		{DB670CF9-ED30-4D07-BA66-68EA371038E6}.Debug|x64.ActiveCfg = Debug|Any CPU
		{DB670CF9-ED30-4D07-BA66-68EA371038E6}.Debug|x64.Build.0 = Debug|Any CPU
		{DB670CF9-ED30-4D07-BA66-68EA371038E6}.Debug|x86.ActiveCfg = Debug|Any CPU
		{DB670CF9-ED30-4D07-BA66-68EA371038E6}.Debug|x86.Build.0 = Debug|Any CPU
		{DB670CF9-ED30-4D07-BA66-68EA371038E6}.Release|Any CPU.ActiveCfg = Release|Any CPU
		{DB670CF9-ED30-4D07-BA66-68EA371038E6}.Release|Any CPU.Build.0 = Release|Any CPU
		{DB670CF9-ED30-4D07-BA66-68EA371038E6}.Release|x64.ActiveCfg = Release|Any CPU
		{DB670CF9-ED30-4D07-BA66-68EA371038E6}.Release|x64.Build.0 = Release|Any CPU
		{DB670CF9-ED30-4D07-BA66-68EA371038E6}.Release|x86.ActiveCfg = Release|Any CPU
		{DB670CF9-ED30-4D07-BA66-68EA371038E6}.Release|x86.Build.0 = Release|Any CPU
		{D8904182-5D31-4BDF-BE2A-9D136CCF5CF0}.Debug|Any CPU.ActiveCfg = Debug|Any CPU
		{D8904182-5D31-4BDF-BE2A-9D136CCF5CF0}.Debug|Any CPU.Build.0 = Debug|Any CPU
		{D8904182-5D31-4BDF-BE2A-9D136CCF5CF0}.Debug|x64.ActiveCfg = Debug|Any CPU
		{D8904182-5D31-4BDF-BE2A-9D136CCF5CF0}.Debug|x64.Build.0 = Debug|Any CPU
		{D8904182-5D31-4BDF-BE2A-9D136CCF5CF0}.Debug|x86.ActiveCfg = Debug|Any CPU
		{D8904182-5D31-4BDF-BE2A-9D136CCF5CF0}.Debug|x86.Build.0 = Debug|Any CPU
		{D8904182-5D31-4BDF-BE2A-9D136CCF5CF0}.Release|Any CPU.ActiveCfg = Release|Any CPU
		{D8904182-5D31-4BDF-BE2A-9D136CCF5CF0}.Release|Any CPU.Build.0 = Release|Any CPU
		{D8904182-5D31-4BDF-BE2A-9D136CCF5CF0}.Release|x64.ActiveCfg = Release|Any CPU
		{D8904182-5D31-4BDF-BE2A-9D136CCF5CF0}.Release|x64.Build.0 = Release|Any CPU
		{D8904182-5D31-4BDF-BE2A-9D136CCF5CF0}.Release|x86.ActiveCfg = Release|Any CPU
		{D8904182-5D31-4BDF-BE2A-9D136CCF5CF0}.Release|x86.Build.0 = Release|Any CPU
		{4D543D3F-1AF2-49C5-A000-F6BAD08EF83A}.Debug|Any CPU.ActiveCfg = Debug|Any CPU
		{4D543D3F-1AF2-49C5-A000-F6BAD08EF83A}.Debug|Any CPU.Build.0 = Debug|Any CPU
		{4D543D3F-1AF2-49C5-A000-F6BAD08EF83A}.Debug|x64.ActiveCfg = Debug|Any CPU
		{4D543D3F-1AF2-49C5-A000-F6BAD08EF83A}.Debug|x64.Build.0 = Debug|Any CPU
		{4D543D3F-1AF2-49C5-A000-F6BAD08EF83A}.Debug|x86.ActiveCfg = Debug|Any CPU
		{4D543D3F-1AF2-49C5-A000-F6BAD08EF83A}.Debug|x86.Build.0 = Debug|Any CPU
		{4D543D3F-1AF2-49C5-A000-F6BAD08EF83A}.Release|Any CPU.ActiveCfg = Release|Any CPU
		{4D543D3F-1AF2-49C5-A000-F6BAD08EF83A}.Release|Any CPU.Build.0 = Release|Any CPU
		{4D543D3F-1AF2-49C5-A000-F6BAD08EF83A}.Release|x64.ActiveCfg = Release|Any CPU
		{4D543D3F-1AF2-49C5-A000-F6BAD08EF83A}.Release|x64.Build.0 = Release|Any CPU
		{4D543D3F-1AF2-49C5-A000-F6BAD08EF83A}.Release|x86.ActiveCfg = Release|Any CPU
		{4D543D3F-1AF2-49C5-A000-F6BAD08EF83A}.Release|x86.Build.0 = Release|Any CPU
	EndGlobalSection
	GlobalSection(SolutionProperties) = preSolution
		HideSolutionNode = FALSE
	EndGlobalSection
	GlobalSection(ExtensibilityGlobals) = postSolution
		SolutionGuid = {6ABCAD27-C755-4322-A0DE-4863C6056A5A}
	EndGlobalSection
EndGlobal
